
Microsoft Visual Studio Solution File, Format Version 12.00
# Visual Studio Version 16
VisualStudioVersion = 16.0.30804.86
MinimumVisualStudioVersion = 10.0.40219.1
Project("{FAE04EC0-301F-11D3-BF4B-00C04F79EFBC}") = "GeradorNumeros", "GeradorNumeros\GeradorNumeros.csproj", "{AF9842FB-39E2-4C24-9E32-03A8D98CEBEA}"
EndProject
Global
	GlobalSection(SolutionConfigurationPlatforms) = preSolution
		Debug|Any CPU = Debug|Any CPU
		Release|Any CPU = Release|Any CPU
	EndGlobalSection
	GlobalSection(ProjectConfigurationPlatforms) = postSolution
		{AF9842FB-39E2-4C24-9E32-03A8D98CEBEA}.Debug|Any CPU.ActiveCfg = Debug|Any CPU
		{AF9842FB-39E2-4C24-9E32-03A8D98CEBEA}.Debug|Any CPU.Build.0 = Debug|Any CPU
		{AF9842FB-39E2-4C24-9E32-03A8D98CEBEA}.Release|Any CPU.ActiveCfg = Release|Any CPU
		{AF9842FB-39E2-4C24-9E32-03A8D98CEBEA}.Release|Any CPU.Build.0 = Release|Any CPU
	EndGlobalSection
	GlobalSection(SolutionProperties) = preSolution
		HideSolutionNode = FALSE
	EndGlobalSection
	GlobalSection(ExtensibilityGlobals) = postSolution
		SolutionGuid = {A6C23149-C770-41A7-A15D-63D64C9F141C}
	EndGlobalSection
EndGlobal
